
Microsoft Visual Studio Solution File, Format Version 12.00
Project("{FAE04EC0-301F-11D3-BF4B-00C04F79EFBC}") = "Core", "Core\Core.csproj", "{0815B94F-DDC5-44BC-8F7D-CEF3107B4C4D}"
EndProject
Project("{FAE04EC0-301F-11D3-BF4B-00C04F79EFBC}") = "Test", "Test\Test.csproj", "{FFA4A6FC-B6F7-40F6-BCD7-A38A582FE589}"
EndProject
Project("{FAE04EC0-301F-11D3-BF4B-00C04F79EFBC}") = "Http", "Http\Http.csproj", "{105ED39A-8733-4C2E-8E18-08F5A9170F2D}"
EndProject
Project("{FAE04EC0-301F-11D3-BF4B-00C04F79EFBC}") = "Benchmarks", "Benchmarks\Benchmarks.csproj", "{6BB6F4CA-6B5D-4F22-AF19-99CFDAA85151}"
EndProject
Project("{FAE04EC0-301F-11D3-BF4B-00C04F79EFBC}") = "Redis", "Redis\Redis.csproj", "{E3B95D37-3C71-42EF-940B-442430A39D7F}"
EndProject
Global
	GlobalSection(SolutionConfigurationPlatforms) = preSolution
		Debug|Any CPU = Debug|Any CPU
		Release|Any CPU = Release|Any CPU
	EndGlobalSection
	GlobalSection(ProjectConfigurationPlatforms) = postSolution
		{0815B94F-DDC5-44BC-8F7D-CEF3107B4C4D}.Debug|Any CPU.ActiveCfg = Debug|Any CPU
		{0815B94F-DDC5-44BC-8F7D-CEF3107B4C4D}.Debug|Any CPU.Build.0 = Debug|Any CPU
		{0815B94F-DDC5-44BC-8F7D-CEF3107B4C4D}.Release|Any CPU.ActiveCfg = Release|Any CPU
		{0815B94F-DDC5-44BC-8F7D-CEF3107B4C4D}.Release|Any CPU.Build.0 = Release|Any CPU
		{FFA4A6FC-B6F7-40F6-BCD7-A38A582FE589}.Debug|Any CPU.ActiveCfg = Debug|Any CPU
		{FFA4A6FC-B6F7-40F6-BCD7-A38A582FE589}.Debug|Any CPU.Build.0 = Debug|Any CPU
		{FFA4A6FC-B6F7-40F6-BCD7-A38A582FE589}.Release|Any CPU.ActiveCfg = Release|Any CPU
		{FFA4A6FC-B6F7-40F6-BCD7-A38A582FE589}.Release|Any CPU.Build.0 = Release|Any CPU
		{105ED39A-8733-4C2E-8E18-08F5A9170F2D}.Debug|Any CPU.ActiveCfg = Debug|Any CPU
		{105ED39A-8733-4C2E-8E18-08F5A9170F2D}.Debug|Any CPU.Build.0 = Debug|Any CPU
		{105ED39A-8733-4C2E-8E18-08F5A9170F2D}.Release|Any CPU.ActiveCfg = Release|Any CPU
		{105ED39A-8733-4C2E-8E18-08F5A9170F2D}.Release|Any CPU.Build.0 = Release|Any CPU
		{6BB6F4CA-6B5D-4F22-AF19-99CFDAA85151}.Debug|Any CPU.ActiveCfg = Debug|Any CPU
		{6BB6F4CA-6B5D-4F22-AF19-99CFDAA85151}.Debug|Any CPU.Build.0 = Debug|Any CPU
		{6BB6F4CA-6B5D-4F22-AF19-99CFDAA85151}.Release|Any CPU.ActiveCfg = Release|Any CPU
		{6BB6F4CA-6B5D-4F22-AF19-99CFDAA85151}.Release|Any CPU.Build.0 = Release|Any CPU
		{E3B95D37-3C71-42EF-940B-442430A39D7F}.Debug|Any CPU.ActiveCfg = Debug|Any CPU
		{E3B95D37-3C71-42EF-940B-442430A39D7F}.Debug|Any CPU.Build.0 = Debug|Any CPU
		{E3B95D37-3C71-42EF-940B-442430A39D7F}.Release|Any CPU.ActiveCfg = Release|Any CPU
		{E3B95D37-3C71-42EF-940B-442430A39D7F}.Release|Any CPU.Build.0 = Release|Any CPU
	EndGlobalSection
EndGlobal
